
Microsoft Visual Studio Solution File, Format Version 12.00
# Visual Studio Version 16
VisualStudioVersion = 16.0.30717.126
MinimumVisualStudioVersion = 10.0.40219.1
Project("{9A19103F-16F7-4668-BE54-9A1E7A4F7556}") = "ChameleonGameWPF", "ChameleonGameWPF\ChameleonGameWPF.csproj", "{1DC974A1-1B7E-4C18-B3E3-C00335BB4D97}"
EndProject
Project("{9A19103F-16F7-4668-BE54-9A1E7A4F7556}") = "ChameleonGameWPFTest", "ChameleonGameWPFTest\ChameleonGameWPFTest.csproj", "{6133F7C9-BF58-4DF0-9671-C4B54911B041}"
EndProject
Global
	GlobalSection(SolutionConfigurationPlatforms) = preSolution
		Debug|Any CPU = Debug|Any CPU
		Release|Any CPU = Release|Any CPU
	EndGlobalSection
	GlobalSection(ProjectConfigurationPlatforms) = postSolution
		{1DC974A1-1B7E-4C18-B3E3-C00335BB4D97}.Debug|Any CPU.ActiveCfg = Debug|Any CPU
		{1DC974A1-1B7E-4C18-B3E3-C00335BB4D97}.Debug|Any CPU.Build.0 = Debug|Any CPU
		{1DC974A1-1B7E-4C18-B3E3-C00335BB4D97}.Release|Any CPU.ActiveCfg = Release|Any CPU
		{1DC974A1-1B7E-4C18-B3E3-C00335BB4D97}.Release|Any CPU.Build.0 = Release|Any CPU
		{6133F7C9-BF58-4DF0-9671-C4B54911B041}.Debug|Any CPU.ActiveCfg = Debug|Any CPU
		{6133F7C9-BF58-4DF0-9671-C4B54911B041}.Debug|Any CPU.Build.0 = Debug|Any CPU
		{6133F7C9-BF58-4DF0-9671-C4B54911B041}.Release|Any CPU.ActiveCfg = Release|Any CPU
		{6133F7C9-BF58-4DF0-9671-C4B54911B041}.Release|Any CPU.Build.0 = Release|Any CPU
	EndGlobalSection
	GlobalSection(SolutionProperties) = preSolution
		HideSolutionNode = FALSE
	EndGlobalSection
	GlobalSection(ExtensibilityGlobals) = postSolution
		SolutionGuid = {B25C44D0-6CBA-42B1-9E52-2E9209684083}
	EndGlobalSection
EndGlobal
